
Microsoft Visual Studio Solution File, Format Version 12.00
# Visual Studio 15
VisualStudioVersion = 15.0.27130.2027
MinimumVisualStudioVersion = 10.0.40219.1
Project("{FAE04EC0-301F-11D3-BF4B-00C04F79EFBC}") = "TestAOP", "TestAOP\TestAOP.csproj", "{CB36C775-C923-4B64-B5D4-BAFB693E4AE9}"
EndProject
Global
	GlobalSection(SolutionConfigurationPlatforms) = preSolution
		Debug|Any CPU = Debug|Any CPU
		Release|Any CPU = Release|Any CPU
	EndGlobalSection
	GlobalSection(ProjectConfigurationPlatforms) = postSolution
		{CB36C775-C923-4B64-B5D4-BAFB693E4AE9}.Debug|Any CPU.ActiveCfg = Debug|Any CPU
		{CB36C775-C923-4B64-B5D4-BAFB693E4AE9}.Debug|Any CPU.Build.0 = Debug|Any CPU
		{CB36C775-C923-4B64-B5D4-BAFB693E4AE9}.Release|Any CPU.ActiveCfg = Release|Any CPU
		{CB36C775-C923-4B64-B5D4-BAFB693E4AE9}.Release|Any CPU.Build.0 = Release|Any CPU
	EndGlobalSection
	GlobalSection(SolutionProperties) = preSolution
		HideSolutionNode = FALSE
	EndGlobalSection
	GlobalSection(ExtensibilityGlobals) = postSolution
		SolutionGuid = {2359D5EC-3838-44CD-A51A-B797D0B48E5A}
	EndGlobalSection
EndGlobal
